
Microsoft Visual Studio Solution File, Format Version 12.00
# Visual Studio 15
VisualStudioVersion = 15.0.28010.2036
MinimumVisualStudioVersion = 10.0.40219.1
Project("{FAE04EC0-301F-11D3-BF4B-00C04F79EFBC}") = "Floater", "Floater\Floater.csproj", "{16F854CC-AA7E-4D85-8259-DC4C0B180CF0}"
EndProject
Project("{2150E333-8FDC-42A3-9474-1A3956D46DE8}") = "Solution Items", "Solution Items", "{9B2B352C-5D97-4C83-8500-FCD54715C23A}"
	ProjectSection(SolutionItems) = preProject
		README.md = README.md
	EndProjectSection
EndProject
Global
	GlobalSection(SolutionConfigurationPlatforms) = preSolution
		Debug|x64 = Debug|x64
		Debug|x86 = Debug|x86
		Release|x64 = Release|x64
		Release|x86 = Release|x86
	EndGlobalSection
	GlobalSection(ProjectConfigurationPlatforms) = postSolution
		{16F854CC-AA7E-4D85-8259-DC4C0B180CF0}.Debug|x64.ActiveCfg = Debug|x64
		{16F854CC-AA7E-4D85-8259-DC4C0B180CF0}.Debug|x64.Build.0 = Debug|x64
		{16F854CC-AA7E-4D85-8259-DC4C0B180CF0}.Debug|x86.ActiveCfg = Debug|x86
		{16F854CC-AA7E-4D85-8259-DC4C0B180CF0}.Debug|x86.Build.0 = Debug|x86
		{16F854CC-AA7E-4D85-8259-DC4C0B180CF0}.Release|x64.ActiveCfg = Release|x64
		{16F854CC-AA7E-4D85-8259-DC4C0B180CF0}.Release|x64.Build.0 = Release|x64
		{16F854CC-AA7E-4D85-8259-DC4C0B180CF0}.Release|x86.ActiveCfg = Release|x86
		{16F854CC-AA7E-4D85-8259-DC4C0B180CF0}.Release|x86.Build.0 = Release|x86
	EndGlobalSection
	GlobalSection(SolutionProperties) = preSolution
		HideSolutionNode = FALSE
	EndGlobalSection
	GlobalSection(ExtensibilityGlobals) = postSolution
		SolutionGuid = {38382AD6-60D7-44C0-B854-CE82E9AC3490}
	EndGlobalSection
EndGlobal
